
Microsoft Visual Studio Solution File, Format Version 12.00
# Visual Studio Version 16
VisualStudioVersion = 16.0.32602.291
MinimumVisualStudioVersion = 10.0.40219.1
Project("{FAE04EC0-301F-11D3-BF4B-00C04F79EFBC}") = "PortalDeloitte", "PortalDeloitte\PortalDeloitte.csproj", "{161196DB-4C63-4E99-B7D4-CD785F2312B9}"
EndProject
Global
	GlobalSection(SolutionConfigurationPlatforms) = preSolution
		Debug|Any CPU = Debug|Any CPU
		Release|Any CPU = Release|Any CPU
	EndGlobalSection
	GlobalSection(ProjectConfigurationPlatforms) = postSolution
		{161196DB-4C63-4E99-B7D4-CD785F2312B9}.Debug|Any CPU.ActiveCfg = Debug|Any CPU
		{161196DB-4C63-4E99-B7D4-CD785F2312B9}.Debug|Any CPU.Build.0 = Debug|Any CPU
		{161196DB-4C63-4E99-B7D4-CD785F2312B9}.Release|Any CPU.ActiveCfg = Release|Any CPU
		{161196DB-4C63-4E99-B7D4-CD785F2312B9}.Release|Any CPU.Build.0 = Release|Any CPU
	EndGlobalSection
	GlobalSection(SolutionProperties) = preSolution
		HideSolutionNode = FALSE
	EndGlobalSection
	GlobalSection(ExtensibilityGlobals) = postSolution
		SolutionGuid = {7CA91B93-9EBF-4F98-BE51-943D546333DC}
	EndGlobalSection
EndGlobal
